
Microsoft Visual Studio Solution File, Format Version 12.00
# Visual Studio Version 17
VisualStudioVersion = 17.4.33103.184
MinimumVisualStudioVersion = 10.0.40219.1
Project("{FAE04EC0-301F-11D3-BF4B-00C04F79EFBC}") = "POC_CSrp_Ubuntu", "POC_CSrp_Ubuntu\POC_CSrp_Ubuntu.csproj", "{DECD7E39-1876-41F5-A812-B958F8B12107}"
EndProject
Global
	GlobalSection(SolutionConfigurationPlatforms) = preSolution
		Debug|Any CPU = Debug|Any CPU
		Release|Any CPU = Release|Any CPU
	EndGlobalSection
	GlobalSection(ProjectConfigurationPlatforms) = postSolution
		{DECD7E39-1876-41F5-A812-B958F8B12107}.Debug|Any CPU.ActiveCfg = Debug|Any CPU
		{DECD7E39-1876-41F5-A812-B958F8B12107}.Debug|Any CPU.Build.0 = Debug|Any CPU
		{DECD7E39-1876-41F5-A812-B958F8B12107}.Release|Any CPU.ActiveCfg = Release|Any CPU
		{DECD7E39-1876-41F5-A812-B958F8B12107}.Release|Any CPU.Build.0 = Release|Any CPU
	EndGlobalSection
	GlobalSection(SolutionProperties) = preSolution
		HideSolutionNode = FALSE
	EndGlobalSection
	GlobalSection(ExtensibilityGlobals) = postSolution
		SolutionGuid = {2E021D61-37B3-4BF3-81F1-A280C4B336CF}
	EndGlobalSection
EndGlobal
